PODS:
  - AFNetworking (4.0.1):
    - AFNetworking/NSURLSession (= 4.0.1)
    - AFNetworking/Reachability (= 4.0.1)
    - AFNetworking/Security (= 4.0.1)
    - AFNetworking/Serialization (= 4.0.1)
    - AFNetworking/UIKit (= 4.0.1)
  - AFNetworking/NSURLSession (4.0.1):
    - AFNetworking/Reachability
    - AFNetworking/Security
    - AFNetworking/Serialization
  - AFNetworking/Reachability (4.0.1)
  - AFNetworking/Security (4.0.1)
  - AFNetworking/Serialization (4.0.1)
  - AFNetworking/UIKit (4.0.1):
    - AFNetworking/NSURLSession
  - KokteylUtils (1.1.22):
    - AFNetworking (~> 4.0)

DEPENDENCIES:
  - KokteylUtils

SPEC REPOS:
  trunk:
    - AFNetworking
    - KokteylUtils

SPEC CHECKSUMS:
  AFNetworking: 7864c38297c79aaca1500c33288e429c3451fdce
  KokteylUtils: d1adfcef7dbfe60a1d3d88ca60829bf70fe853af

PODFILE CHECKSUM: da0e9cebd237145aaa6091557ca5f6b90cefa76e

COCOAPODS: 1.9.3
